<?xml version="1.0" encoding="utf-8"?>
<Project ToolsVersion="4.0" xmlns="http://schemas.microsoft.com/developer/msbuild/2003">
  <ItemGroup>
    <ClCompile Include="..\src\DockingFeature\StaticDialog.cpp" />
    <ClCompile Include="..\src\NppPluginDemo.cpp" />
    <ClCompile Include="..\src\PluginDefinition.cpp" />
    <ClCompile Include="..\src\zlib\adler32.c">
      <Filter>zlib</Filter>
    </ClCompile>
    <ClCompile Include="..\src\zlib\compress.c">
      <Filter>zlib</Filter>
    </ClCompile>
    <ClCompile Include="..\src\zlib\crc32.c">
      <Filter>zlib</Filter>
    </ClCompile>
    <ClCompile Include="..\src\zlib\deflate.c">
      <Filter>zlib</Filter>
    </ClCompile>
    <ClCompile Include="..\src\zlib\gzclose.c">
      <Filter>zlib</Filter>
    </ClCompile>
    <ClCompile Include="..\src\zlib\gzlib.c">
      <Filter>zlib</Filter>
    </ClCompile>
    <ClCompile Include="..\src\zlib\gzread.c">
      <Filter>zlib</Filter>
    </ClCompile>
    <ClCompile Include="..\src\zlib\gzwrite.c">
      <Filter>zlib</Filter>
    </ClCompile>
    <ClCompile Include="..\src\zlib\infback.c">
      <Filter>zlib</Filter>
    </ClCompile>
    <ClCompile Include="..\src\zlib\inffast.c">
      <Filter>zlib</Filter>
    </ClCompile>
    <ClCompile Include="..\src\zlib\inflate.c">
      <Filter>zlib</Filter>
    </ClCompile>
    <ClCompile Include="..\src\zlib\inftrees.c">
      <Filter>zlib</Filter>
    </ClCompile>
    <ClCompile Include="..\src\zlib\trees.c">
      <Filter>zlib</Filter>
    </ClCompile>
    <ClCompile Include="..\src\zlib\uncompr.c">
      <Filter>zlib</Filter>
    </ClCompile>
    <ClCompile Include="..\src\zlib\zutil.c">
      <Filter>zlib</Filter>
    </ClCompile>
  </ItemGroup>
  <ItemGroup>
    <ClInclude Include="..\src\DockingFeature\Docking.h" />
    <ClInclude Include="..\src\DockingFeature\DockingDlgInterface.h" />
    <ClInclude Include="..\src\DockingFeature\dockingResource.h" />
    <ClInclude Include="..\src\DockingFeature\resource.h" />
    <ClInclude Include="..\src\DockingFeature\StaticDialog.h" />
    <ClInclude Include="..\src\DockingFeature\Window.h" />
    <ClInclude Include="..\src\menuCmdID.h" />
    <ClInclude Include="..\src\Notepad_plus_msgs.h" />
    <ClInclude Include="..\src\PluginDefinition.h" />
    <ClInclude Include="..\src\PluginInterface.h" />
    <ClInclude Include="..\src\resource.h" />
    <ClInclude Include="..\src\Scintilla.h" />
    <ClInclude Include="..\src\zlib\crc32.h">
      <Filter>zlib</Filter>
    </ClInclude>
    <ClInclude Include="..\src\zlib\deflate.h">
      <Filter>zlib</Filter>
    </ClInclude>
    <ClInclude Include="..\src\zlib\gzguts.h">
      <Filter>zlib</Filter>
    </ClInclude>
    <ClInclude Include="..\src\zlib\inffast.h">
      <Filter>zlib</Filter>
    </ClInclude>
    <ClInclude Include="..\src\zlib\inffixed.h">
      <Filter>zlib</Filter>
    </ClInclude>
    <ClInclude Include="..\src\zlib\inflate.h">
      <Filter>zlib</Filter>
    </ClInclude>
    <ClInclude Include="..\src\zlib\inftrees.h">
      <Filter>zlib</Filter>
    </ClInclude>
    <ClInclude Include="..\src\zlib\trees.h">
      <Filter>zlib</Filter>
    </ClInclude>
    <ClInclude Include="..\src\zlib\zconf.h">
      <Filter>zlib</Filter>
    </ClInclude>
    <ClInclude Include="..\src\zlib\zlib.h">
      <Filter>zlib</Filter>
    </ClInclude>
    <ClInclude Include="..\src\zlib\zutil.h">
      <Filter>zlib</Filter>
    </ClInclude>
  </ItemGroup>
  <ItemGroup>
    <ResourceCompile Include="..\src\NppPluginDemo.rc" />
  </ItemGroup>
  <ItemGroup>
    <Filter Include="zlib">
      <UniqueIdentifier>{2707b7fa-0179-46ae-aea8-1bdb7b766298}</UniqueIdentifier>
    </Filter>
  </ItemGroup>
</Project>